// !$*UTF8*$!
{
	archiveVersion = 1;
	classes = {
	};
	objectVersion = 51;
	objects = {

/* Begin PBXBuildFile section */
		7FAA5E615D823716021B211F /* Pods_workout_app.framework in Frameworks */ = {isa = PBXBuildFile; fileRef = 29562BBE2A28C2C66CA4D480 /* Pods_workout_app.framework */; };
		A657D04FB40C8142A82DD376 /* Pods_workout_app_workout_appUITests.framework in Frameworks */ = {isa = PBXBuildFile; fileRef = EB50B598F66F6E00DFC17D28 /* Pods_workout_app_workout_appUITests.framework */; };
		B7EEC692E9811C09D00DF3A2 /* Pods_workout_appTests.framework in Frameworks */ = {isa = PBXBuildFile; fileRef = EC48922DDAA2610EDF5D159D /* Pods_workout_appTests.framework */; };
		FF650CC42646AD4F005867A3 /* LoginView.xib in Resources */ = {isa = PBXBuildFile; fileRef = FF650CC32646AD4F005867A3 /* LoginView.xib */; };
		FF650CC62646AD66005867A3 /* LoginView.swift in Sources */ = {isa = PBXBuildFile; fileRef = FF650CC52646AD66005867A3 /* LoginView.swift */; };
		FF650CC92646AE7E005867A3 /* LoginProtocol.swift in Sources */ = {isa = PBXBuildFile; fileRef = FF650CC82646AE7E005867A3 /* LoginProtocol.swift */; };
		FF650CCC2646B19C005867A3 /* UIViewControllerExtension.swift in Sources */ = {isa = PBXBuildFile; fileRef = FF650CCB2646B19C005867A3 /* UIViewControllerExtension.swift */; };
		FF650CCE2646B6AF005867A3 /* UIViewExtension.swift in Sources */ = {isa = PBXBuildFile; fileRef = FF650CCD2646B6AF005867A3 /* UIViewExtension.swift */; };
		FF650CD12646B8BF005867A3 /* RegisterView.swift in Sources */ = {isa = PBXBuildFile; fileRef = FF650CD02646B8BF005867A3 /* RegisterView.swift */; };
		FF650CD32646B8CD005867A3 /* RegisterView.xib in Resources */ = {isa = PBXBuildFile; fileRef = FF650CD22646B8CD005867A3 /* RegisterView.xib */; };
		FF650CD62646BF09005867A3 /* RegisterProtocol.swift in Sources */ = {isa = PBXBuildFile; fileRef = FF650CD52646BF09005867A3 /* RegisterProtocol.swift */; };
		FF650CD82646D469005867A3 /* GoogleService-Info.plist in Resources */ = {isa = PBXBuildFile; fileRef = FF650CD72646D469005867A3 /* GoogleService-Info.plist */; };
		FF650CDC2646E41F005867A3 /* HomeView.swift in Sources */ = {isa = PBXBuildFile; fileRef = FF650CDB2646E41F005867A3 /* HomeView.swift */; };
		FF650CDE2646E42A005867A3 /* HomeView.xib in Resources */ = {isa = PBXBuildFile; fileRef = FF650CDD2646E42A005867A3 /* HomeView.xib */; };
		FF650CE02646E532005867A3 /* HomeVC.swift in Sources */ = {isa = PBXBuildFile; fileRef = FF650CDF2646E532005867A3 /* HomeVC.swift */; };
		FF650CE22646E56D005867A3 /* AppSettings.swift in Sources */ = {isa = PBXBuildFile; fileRef = FF650CE12646E56D005867A3 /* AppSettings.swift */; };
		FF650CE42646F18D005867A3 /* ViewPresenter.swift in Sources */ = {isa = PBXBuildFile; fileRef = FF650CE32646F18D005867A3 /* ViewPresenter.swift */; };
		FF650CE62646F7C6005867A3 /* Playground.storyboard in Resources */ = {isa = PBXBuildFile; fileRef = FF650CE52646F7C6005867A3 /* Playground.storyboard */; };
		FF650CE82646F879005867A3 /* WorkoutVC.swift in Sources */ = {isa = PBXBuildFile; fileRef = FF650CE72646F879005867A3 /* WorkoutVC.swift */; };
		FF650CEB2646F89C005867A3 /* WorkoutView.xib in Resources */ = {isa = PBXBuildFile; fileRef = FF650CEA2646F89C005867A3 /* WorkoutView.xib */; };
		FF650CED2646F8AF005867A3 /* WorkoutView.swift in Sources */ = {isa = PBXBuildFile; fileRef = FF650CEC2646F8AF005867A3 /* WorkoutView.swift */; };
		FF650CEF264723BE005867A3 /* UIImageExtension.swift in Sources */ = {isa = PBXBuildFile; fileRef = FF650CEE264723BE005867A3 /* UIImageExtension.swift */; };
		FF6CE87D26448852004A5B39 /* AppDelegate.swift in Sources */ = {isa = PBXBuildFile; fileRef = FF6CE87C26448852004A5B39 /* AppDelegate.swift */; };
		FF6CE87F26448852004A5B39 /* SceneDelegate.swift in Sources */ = {isa = PBXBuildFile; fileRef = FF6CE87E26448852004A5B39 /* SceneDelegate.swift */; };
		FF6CE88126448852004A5B39 /* LoginVC.swift in Sources */ = {isa = PBXBuildFile; fileRef = FF6CE88026448852004A5B39 /* LoginVC.swift */; };
		FF6CE88626448853004A5B39 /* Assets.xcassets in Resources */ = {isa = PBXBuildFile; fileRef = FF6CE88526448853004A5B39 /* Assets.xcassets */; };
		FF6CE88926448853004A5B39 /* LaunchScreen.storyboard in Resources */ = {isa = PBXBuildFile; fileRef = FF6CE88726448853004A5B39 /* LaunchScreen.storyboard */; };
		FF6CE89426448853004A5B39 /* workout_appTests.swift in Sources */ = {isa = PBXBuildFile; fileRef = FF6CE89326448853004A5B39 /* workout_appTests.swift */; };
		FF6CE89F26448853004A5B39 /* workout_appUITests.swift in Sources */ = {isa = PBXBuildFile; fileRef = FF6CE89E26448853004A5B39 /* workout_appUITests.swift */; };
		FF6CE8B026449238004A5B39 /* RegisterVC.swift in Sources */ = {isa = PBXBuildFile; fileRef = FF6CE8AF26449238004A5B39 /* RegisterVC.swift */; };
/* End PBXBuildFile section */

/* Begin PBXContainerItemProxy section */
		FF6CE89026448853004A5B39 /* PBXContainerItemProxy */ = {
			isa = PBXContainerItemProxy;
			containerPortal = FF6CE87126448852004A5B39 /* Project object */;
			proxyType = 1;
			remoteGlobalIDString = FF6CE87826448852004A5B39;
			remoteInfo = workout_app;
		};
		FF6CE89B26448853004A5B39 /* PBXContainerItemProxy */ = {
			isa = PBXContainerItemProxy;
			containerPortal = FF6CE87126448852004A5B39 /* Project object */;
			proxyType = 1;
			remoteGlobalIDString = FF6CE87826448852004A5B39;
			remoteInfo = workout_app;
		};
/* End PBXContainerItemProxy section */

/* Begin PBXFileReference section */
		18FD10620B5E060A275F0177 /* Pods-workout_app-workout_appUITests.release.xcconfig */ = {isa = PBXFileReference; includeInIndex = 1; lastKnownFileType = text.xcconfig; name = "Pods-workout_app-workout_appUITests.release.xcconfig"; path = "Target Support Files/Pods-workout_app-workout_appUITests/Pods-workout_app-workout_appUITests.release.xcconfig"; sourceTree = "<group>"; };
		2216F9C96B376B033E0822D6 /* Pods-workout_app.debug.xcconfig */ = {isa = PBXFileReference; includeInIndex = 1; lastKnownFileType = text.xcconfig; name = "Pods-workout_app.debug.xcconfig"; path = "Target Support Files/Pods-workout_app/Pods-workout_app.debug.xcconfig"; sourceTree = "<group>"; };
		29562BBE2A28C2C66CA4D480 /* Pods_workout_app.framework */ = {isa = PBXFileReference; explicitFileType = wrapper.framework; includeInIndex = 0; path = Pods_workout_app.framework; sourceTree = BUILT_PRODUCTS_DIR; };
		5FA12776C99D49B902D2D2B6 /* Pods-workout_appTests.release.xcconfig */ = {isa = PBXFileReference; includeInIndex = 1; lastKnownFileType = text.xcconfig; name = "Pods-workout_appTests.release.xcconfig"; path = "Target Support Files/Pods-workout_appTests/Pods-workout_appTests.release.xcconfig"; sourceTree = "<group>"; };
		7FE4B059E981105B76030D7A /* Pods-workout_app.release.xcconfig */ = {isa = PBXFileReference; includeInIndex = 1; lastKnownFileType = text.xcconfig; name = "Pods-workout_app.release.xcconfig"; path = "Target Support Files/Pods-workout_app/Pods-workout_app.release.xcconfig"; sourceTree = "<group>"; };
		900A56F3F90302760A1A733C /* Pods-workout_app-workout_appUITests.debug.xcconfig */ = {isa = PBXFileReference; includeInIndex = 1; lastKnownFileType = text.xcconfig; name = "Pods-workout_app-workout_appUITests.debug.xcconfig"; path = "Target Support Files/Pods-workout_app-workout_appUITests/Pods-workout_app-workout_appUITests.debug.xcconfig"; sourceTree = "<group>"; };
		AE197BE5E9E27EC6963928A1 /* Pods-workout_appTests.debug.xcconfig */ = {isa = PBXFileReference; includeInIndex = 1; lastKnownFileType = text.xcconfig; name = "Pods-workout_appTests.debug.xcconfig"; path = "Target Support Files/Pods-workout_appTests/Pods-workout_appTests.debug.xcconfig"; sourceTree = "<group>"; };
		EB50B598F66F6E00DFC17D28 /* Pods_workout_app_workout_appUITests.framework */ = {isa = PBXFileReference; explicitFileType = wrapper.framework; includeInIndex = 0; path = Pods_workout_app_workout_appUITests.framework; sourceTree = BUILT_PRODUCTS_DIR; };
		EC48922DDAA2610EDF5D159D /* Pods_workout_appTests.framework */ = {isa = PBXFileReference; explicitFileType = wrapper.framework; includeInIndex = 0; path = Pods_workout_appTests.framework; sourceTree = BUILT_PRODUCTS_DIR; };
		FF650CC32646AD4F005867A3 /* LoginView.xib */ = {isa = PBXFileReference; lastKnownFileType = file.xib; path = LoginView.xib; sourceTree = "<group>"; };
		FF650CC52646AD66005867A3 /* LoginView.swift */ = {isa = PBXFileReference; lastKnownFileType = sourcecode.swift; path = LoginView.swift; sourceTree = "<group>"; };
		FF650CC82646AE7E005867A3 /* LoginProtocol.swift */ = {isa = PBXFileReference; lastKnownFileType = sourcecode.swift; path = LoginProtocol.swift; sourceTree = "<group>"; };
		FF650CCB2646B19C005867A3 /* UIViewControllerExtension.swift */ = {isa = PBXFileReference; lastKnownFileType = sourcecode.swift; path = UIViewControllerExtension.swift; sourceTree = "<group>"; };
		FF650CCD2646B6AF005867A3 /* UIViewExtension.swift */ = {isa = PBXFileReference; lastKnownFileType = sourcecode.swift; path = UIViewExtension.swift; sourceTree = "<group>"; };
		FF650CD02646B8BF005867A3 /* RegisterView.swift */ = {isa = PBXFileReference; lastKnownFileType = sourcecode.swift; path = RegisterView.swift; sourceTree = "<group>"; };
		FF650CD22646B8CD005867A3 /* RegisterView.xib */ = {isa = PBXFileReference; lastKnownFileType = file.xib; path = RegisterView.xib; sourceTree = "<group>"; };
		FF650CD52646BF09005867A3 /* RegisterProtocol.swift */ = {isa = PBXFileReference; lastKnownFileType = sourcecode.swift; path = RegisterProtocol.swift; sourceTree = "<group>"; };
		FF650CD72646D469005867A3 /* GoogleService-Info.plist */ = {isa = PBXFileReference; fileEncoding = 4; lastKnownFileType = text.plist.xml; path = "GoogleService-Info.plist"; sourceTree = "<group>"; };
		FF650CDB2646E41F005867A3 /* HomeView.swift */ = {isa = PBXFileReference; lastKnownFileType = sourcecode.swift; path = HomeView.swift; sourceTree = "<group>"; };
		FF650CDD2646E42A005867A3 /* HomeView.xib */ = {isa = PBXFileReference; lastKnownFileType = file.xib; path = HomeView.xib; sourceTree = "<group>"; };
		FF650CDF2646E532005867A3 /* HomeVC.swift */ = {isa = PBXFileReference; lastKnownFileType = sourcecode.swift; path = HomeVC.swift; sourceTree = "<group>"; };
		FF650CE12646E56D005867A3 /* AppSettings.swift */ = {isa = PBXFileReference; lastKnownFileType = sourcecode.swift; path = AppSettings.swift; sourceTree = "<group>"; };
		FF650CE32646F18D005867A3 /* ViewPresenter.swift */ = {isa = PBXFileReference; lastKnownFileType = sourcecode.swift; path = ViewPresenter.swift; sourceTree = "<group>"; };
		FF650CE52646F7C6005867A3 /* Playground.storyboard */ = {isa = PBXFileReference; lastKnownFileType = file.storyboard; path = Playground.storyboard; sourceTree = "<group>"; };
		FF650CE72646F879005867A3 /* WorkoutVC.swift */ = {isa = PBXFileReference; lastKnownFileType = sourcecode.swift; path = WorkoutVC.swift; sourceTree = "<group>"; };
		FF650CEA2646F89C005867A3 /* WorkoutView.xib */ = {isa = PBXFileReference; lastKnownFileType = file.xib; path = WorkoutView.xib; sourceTree = "<group>"; };
		FF650CEC2646F8AF005867A3 /* WorkoutView.swift */ = {isa = PBXFileReference; lastKnownFileType = sourcecode.swift; path = WorkoutView.swift; sourceTree = "<group>"; };
		FF650CEE264723BE005867A3 /* UIImageExtension.swift */ = {isa = PBXFileReference; lastKnownFileType = sourcecode.swift; path = UIImageExtension.swift; sourceTree = "<group>"; };
		FF6CE87926448852004A5B39 /* workout_app.app */ = {isa = PBXFileReference; explicitFileType = wrapper.application; includeInIndex = 0; path = workout_app.app; sourceTree = BUILT_PRODUCTS_DIR; };
		FF6CE87C26448852004A5B39 /* AppDelegate.swift */ = {isa = PBXFileReference; lastKnownFileType = sourcecode.swift; path = AppDelegate.swift; sourceTree = "<group>"; };
		FF6CE87E26448852004A5B39 /* SceneDelegate.swift */ = {isa = PBXFileReference; lastKnownFileType = sourcecode.swift; path = SceneDelegate.swift; sourceTree = "<group>"; };
		FF6CE88026448852004A5B39 /* LoginVC.swift */ = {isa = PBXFileReference; lastKnownFileType = sourcecode.swift; path = LoginVC.swift; sourceTree = "<group>"; };
		FF6CE88526448853004A5B39 /* Assets.xcassets */ = {isa = PBXFileReference; lastKnownFileType = folder.assetcatalog; path = Assets.xcassets; sourceTree = "<group>"; };
		FF6CE88826448853004A5B39 /* Base */ = {isa = PBXFileReference; lastKnownFileType = file.storyboard; name = Base; path = Base.lproj/LaunchScreen.storyboard; sourceTree = "<group>"; };
		FF6CE88A26448853004A5B39 /* Info.plist */ = {isa = PBXFileReference; lastKnownFileType = text.plist.xml; path = Info.plist; sourceTree = "<group>"; };
		FF6CE88F26448853004A5B39 /* workout_appTests.xctest */ = {isa = PBXFileReference; explicitFileType = wrapper.cfbundle; includeInIndex = 0; path = workout_appTests.xctest; sourceTree = BUILT_PRODUCTS_DIR; };
		FF6CE89326448853004A5B39 /* workout_appTests.swift */ = {isa = PBXFileReference; lastKnownFileType = sourcecode.swift; path = workout_appTests.swift; sourceTree = "<group>"; };
		FF6CE89526448853004A5B39 /* Info.plist */ = {isa = PBXFileReference; lastKnownFileType = text.plist.xml; path = Info.plist; sourceTree = "<group>"; };
		FF6CE89A26448853004A5B39 /* workout_appUITests.xctest */ = {isa = PBXFileReference; explicitFileType = wrapper.cfbundle; includeInIndex = 0; path = workout_appUITests.xctest; sourceTree = BUILT_PRODUCTS_DIR; };
		FF6CE89E26448853004A5B39 /* workout_appUITests.swift */ = {isa = PBXFileReference; lastKnownFileType = sourcecode.swift; path = workout_appUITests.swift; sourceTree = "<group>"; };
		FF6CE8A026448853004A5B39 /* Info.plist */ = {isa = PBXFileReference; lastKnownFileType = text.plist.xml; path = Info.plist; sourceTree = "<group>"; };
		FF6CE8AF26449238004A5B39 /* RegisterVC.swift */ = {isa = PBXFileReference; lastKnownFileType = sourcecode.swift; path = RegisterVC.swift; sourceTree = "<group>"; };
/* End PBXFileReference section */

/* Begin PBXFrameworksBuildPhase section */
		FF6CE87626448852004A5B39 /* Frameworks */ = {
			isa = PBXFrameworksBuildPhase;
			buildActionMask = 2147483647;
			files = (
				7FAA5E615D823716021B211F /* Pods_workout_app.framework in Frameworks */,
			);
			runOnlyForDeploymentPostprocessing = 0;
		};
		FF6CE88C26448853004A5B39 /* Frameworks */ = {
			isa = PBXFrameworksBuildPhase;
			buildActionMask = 2147483647;
			files = (
				B7EEC692E9811C09D00DF3A2 /* Pods_workout_appTests.framework in Frameworks */,
			);
			runOnlyForDeploymentPostprocessing = 0;
		};
		FF6CE89726448853004A5B39 /* Frameworks */ = {
			isa = PBXFrameworksBuildPhase;
			buildActionMask = 2147483647;
			files = (
				A657D04FB40C8142A82DD376 /* Pods_workout_app_workout_appUITests.framework in Frameworks */,
			);
			runOnlyForDeploymentPostprocessing = 0;
		};
/* End PBXFrameworksBuildPhase section */

/* Begin PBXGroup section */
		B0A70B6B2EB40E5B42EA6FCB /* Frameworks */ = {
			isa = PBXGroup;
			children = (
				29562BBE2A28C2C66CA4D480 /* Pods_workout_app.framework */,
				EB50B598F66F6E00DFC17D28 /* Pods_workout_app_workout_appUITests.framework */,
				EC48922DDAA2610EDF5D159D /* Pods_workout_appTests.framework */,
			);
			name = Frameworks;
			sourceTree = "<group>";
		};
		F7F1A04D697F82562E41BD44 /* Pods */ = {
			isa = PBXGroup;
			children = (
				2216F9C96B376B033E0822D6 /* Pods-workout_app.debug.xcconfig */,
				7FE4B059E981105B76030D7A /* Pods-workout_app.release.xcconfig */,
				900A56F3F90302760A1A733C /* Pods-workout_app-workout_appUITests.debug.xcconfig */,
				18FD10620B5E060A275F0177 /* Pods-workout_app-workout_appUITests.release.xcconfig */,
				AE197BE5E9E27EC6963928A1 /* Pods-workout_appTests.debug.xcconfig */,
				5FA12776C99D49B902D2D2B6 /* Pods-workout_appTests.release.xcconfig */,
			);
			path = Pods;
			sourceTree = "<group>";
		};
		FF650CBF2646ACCD005867A3 /* Views */ = {
			isa = PBXGroup;
			children = (
				FF650CE92646F88E005867A3 /* Workout */,
				FF650CDA2646E40D005867A3 /* Home */,
				FF650CCF2646B8A6005867A3 /* Register */,
				FF650CC22646AD3C005867A3 /* Login */,
			);
			path = Views;
			sourceTree = "<group>";
		};
		FF650CC22646AD3C005867A3 /* Login */ = {
			isa = PBXGroup;
			children = (
				FF650CC32646AD4F005867A3 /* LoginView.xib */,
				FF650CC52646AD66005867A3 /* LoginView.swift */,
			);
			path = Login;
			sourceTree = "<group>";
		};
		FF650CC72646AE6D005867A3 /* Protocols */ = {
			isa = PBXGroup;
			children = (
				FF650CC82646AE7E005867A3 /* LoginProtocol.swift */,
				FF650CD52646BF09005867A3 /* RegisterProtocol.swift */,
			);
			path = Protocols;
			sourceTree = "<group>";
		};
		FF650CCA2646B182005867A3 /* Extensions */ = {
			isa = PBXGroup;
			children = (
				FF650CCB2646B19C005867A3 /* UIViewControllerExtension.swift */,
				FF650CCD2646B6AF005867A3 /* UIViewExtension.swift */,
				FF650CEE264723BE005867A3 /* UIImageExtension.swift */,
			);
			path = Extensions;
			sourceTree = "<group>";
		};
		FF650CCF2646B8A6005867A3 /* Register */ = {
			isa = PBXGroup;
			children = (
				FF650CD02646B8BF005867A3 /* RegisterView.swift */,
				FF650CD22646B8CD005867A3 /* RegisterView.xib */,
			);
			path = Register;
			sourceTree = "<group>";
		};
		FF650CD42646BEDB005867A3 /* Models */ = {
			isa = PBXGroup;
			children = (
			);
			path = Models;
			sourceTree = "<group>";
		};
		FF650CD92646DF4A005867A3 /* Util */ = {
			isa = PBXGroup;
			children = (
				FF650CE12646E56D005867A3 /* AppSettings.swift */,
				FF650CE32646F18D005867A3 /* ViewPresenter.swift */,
			);
			path = Util;
			sourceTree = "<group>";
		};
		FF650CDA2646E40D005867A3 /* Home */ = {
			isa = PBXGroup;
			children = (
				FF650CDB2646E41F005867A3 /* HomeView.swift */,
				FF650CDD2646E42A005867A3 /* HomeView.xib */,
			);
			path = Home;
			sourceTree = "<group>";
		};
		FF650CE92646F88E005867A3 /* Workout */ = {
			isa = PBXGroup;
			children = (
				FF650CEA2646F89C005867A3 /* WorkoutView.xib */,
				FF650CEC2646F8AF005867A3 /* WorkoutView.swift */,
			);
			path = Workout;
			sourceTree = "<group>";
		};
		FF6CE87026448852004A5B39 = {
			isa = PBXGroup;
			children = (
				FF6CE87B26448852004A5B39 /* workout_app */,
				FF6CE89226448853004A5B39 /* workout_appTests */,
				FF6CE89D26448853004A5B39 /* workout_appUITests */,
				FF6CE87A26448852004A5B39 /* Products */,
				F7F1A04D697F82562E41BD44 /* Pods */,
				B0A70B6B2EB40E5B42EA6FCB /* Frameworks */,
			);
			sourceTree = "<group>";
		};
		FF6CE87A26448852004A5B39 /* Products */ = {
			isa = PBXGroup;
			children = (
				FF6CE87926448852004A5B39 /* workout_app.app */,
				FF6CE88F26448853004A5B39 /* workout_appTests.xctest */,
				FF6CE89A26448853004A5B39 /* workout_appUITests.xctest */,
			);
			name = Products;
			sourceTree = "<group>";
		};
		FF6CE87B26448852004A5B39 /* workout_app */ = {
			isa = PBXGroup;
			children = (
				FF650CD92646DF4A005867A3 /* Util */,
				FF650CD42646BEDB005867A3 /* Models */,
				FF650CCA2646B182005867A3 /* Extensions */,
				FF650CC72646AE6D005867A3 /* Protocols */,
				FF650CBF2646ACCD005867A3 /* Views */,
				FF6CE8AC26449201004A5B39 /* Controllers */,
				FF6CE87C26448852004A5B39 /* AppDelegate.swift */,
				FF6CE87E26448852004A5B39 /* SceneDelegate.swift */,
				FF6CE88526448853004A5B39 /* Assets.xcassets */,
				FF6CE88726448853004A5B39 /* LaunchScreen.storyboard */,
				FF6CE88A26448853004A5B39 /* Info.plist */,
				FF650CD72646D469005867A3 /* GoogleService-Info.plist */,
				FF650CE52646F7C6005867A3 /* Playground.storyboard */,
			);
			path = workout_app;
			sourceTree = "<group>";
		};
		FF6CE89226448853004A5B39 /* workout_appTests */ = {
			isa = PBXGroup;
			children = (
				FF6CE89326448853004A5B39 /* workout_appTests.swift */,
				FF6CE89526448853004A5B39 /* Info.plist */,
			);
			path = workout_appTests;
			sourceTree = "<group>";
		};
		FF6CE89D26448853004A5B39 /* workout_appUITests */ = {
			isa = PBXGroup;
			children = (
				FF6CE89E26448853004A5B39 /* workout_appUITests.swift */,
				FF6CE8A026448853004A5B39 /* Info.plist */,
			);
			path = workout_appUITests;
			sourceTree = "<group>";
		};
		FF6CE8AC26449201004A5B39 /* Controllers */ = {
			isa = PBXGroup;
			children = (
				FF6CE8AF26449238004A5B39 /* RegisterVC.swift */,
				FF6CE88026448852004A5B39 /* LoginVC.swift */,
				FF650CDF2646E532005867A3 /* HomeVC.swift */,
				FF650CE72646F879005867A3 /* WorkoutVC.swift */,
			);
			path = Controllers;
			sourceTree = "<group>";
		};
/* End PBXGroup section */

/* Begin PBXNativeTarget section */
		FF6CE87826448852004A5B39 /* workout_app */ = {
			isa = PBXNativeTarget;
			buildConfigurationList = FF6CE8A326448853004A5B39 /* Build configuration list for PBXNativeTarget "workout_app" */;
			buildPhases = (
				9F3A1E24A5FE162DD4115E3D /* [CP] Check Pods Manifest.lock */,
				FF6CE87526448852004A5B39 /* Sources */,
				FF6CE87626448852004A5B39 /* Frameworks */,
				FF6CE87726448852004A5B39 /* Resources */,
				94257D94F9E351F90F6CF044 /* [CP] Embed Pods Frameworks */,
			);
			buildRules = (
			);
			dependencies = (
			);
			name = workout_app;
			productName = workout_app;
			productReference = FF6CE87926448852004A5B39 /* workout_app.app */;
			productType = "com.apple.product-type.application";
		};
		FF6CE88E26448853004A5B39 /* workout_appTests */ = {
			isa = PBXNativeTarget;
			buildConfigurationList = FF6CE8A626448853004A5B39 /* Build configuration list for PBXNativeTarget "workout_appTests" */;
			buildPhases = (
				C480D4590F5FDAD108BF8FBB /* [CP] Check Pods Manifest.lock */,
				FF6CE88B26448853004A5B39 /* Sources */,
				FF6CE88C26448853004A5B39 /* Frameworks */,
				FF6CE88D26448853004A5B39 /* Resources */,
			);
			buildRules = (
			);
			dependencies = (
				FF6CE89126448853004A5B39 /* PBXTargetDependency */,
			);
			name = workout_appTests;
			productName = workout_appTests;
			productReference = FF6CE88F26448853004A5B39 /* workout_appTests.xctest */;
			productType = "com.apple.product-type.bundle.unit-test";
		};
		FF6CE89926448853004A5B39 /* workout_appUITests */ = {
			isa = PBXNativeTarget;
			buildConfigurationList = FF6CE8A926448853004A5B39 /* Build configuration list for PBXNativeTarget "workout_appUITests" */;
			buildPhases = (
				CEEE28ADDDE3BDF2C718591A /* [CP] Check Pods Manifest.lock */,
				FF6CE89626448853004A5B39 /* Sources */,
				FF6CE89726448853004A5B39 /* Frameworks */,
				FF6CE89826448853004A5B39 /* Resources */,
				ED40404F515166414CC5A06E /* [CP] Embed Pods Frameworks */,
			);
			buildRules = (
			);
			dependencies = (
				FF6CE89C26448853004A5B39 /* PBXTargetDependency */,
			);
			name = workout_appUITests;
			productName = workout_appUITests;
			productReference = FF6CE89A26448853004A5B39 /* workout_appUITests.xctest */;
			productType = "com.apple.product-type.bundle.ui-testing";
		};
/* End PBXNativeTarget section */

/* Begin PBXProject section */
		FF6CE87126448852004A5B39 /* Project object */ = {
			isa = PBXProject;
			attributes = {
				LastSwiftUpdateCheck = 1250;
				LastUpgradeCheck = 1250;
				TargetAttributes = {
					FF6CE87826448852004A5B39 = {
						CreatedOnToolsVersion = 12.5;
					};
					FF6CE88E26448853004A5B39 = {
						CreatedOnToolsVersion = 12.5;
						TestTargetID = FF6CE87826448852004A5B39;
					};
					FF6CE89926448853004A5B39 = {
						CreatedOnToolsVersion = 12.5;
						TestTargetID = FF6CE87826448852004A5B39;
					};
				};
			};
			buildConfigurationList = FF6CE87426448852004A5B39 /* Build configuration list for PBXProject "workout_app" */;
			compatibilityVersion = "Xcode 9.3";
			developmentRegion = en;
			hasScannedForEncodings = 0;
			knownRegions = (
				en,
				Base,
			);
			mainGroup = FF6CE87026448852004A5B39;
			productRefGroup = FF6CE87A26448852004A5B39 /* Products */;
			projectDirPath = "";
			projectRoot = "";
			targets = (
				FF6CE87826448852004A5B39 /* workout_app */,
				FF6CE88E26448853004A5B39 /* workout_appTests */,
				FF6CE89926448853004A5B39 /* workout_appUITests */,
			);
		};
/* End PBXProject section */

/* Begin PBXResourcesBuildPhase section */
		FF6CE87726448852004A5B39 /* Resources */ = {
			isa = PBXResourcesBuildPhase;
			buildActionMask = 2147483647;
			files = (
				FF650CE62646F7C6005867A3 /* Playground.storyboard in Resources */,
				FF6CE88926448853004A5B39 /* LaunchScreen.storyboard in Resources */,
				FF650CD32646B8CD005867A3 /* RegisterView.xib in Resources */,
				FF650CD82646D469005867A3 /* GoogleService-Info.plist in Resources */,
				FF6CE88626448853004A5B39 /* Assets.xcassets in Resources */,
				FF650CC42646AD4F005867A3 /* LoginView.xib in Resources */,
				FF650CEB2646F89C005867A3 /* WorkoutView.xib in Resources */,
				FF650CDE2646E42A005867A3 /* HomeView.xib in Resources */,
			);
			runOnlyForDeploymentPostprocessing = 0;
		};
		FF6CE88D26448853004A5B39 /* Resources */ = {
			isa = PBXResourcesBuildPhase;
			buildActionMask = 2147483647;
			files = (
			);
			runOnlyForDeploymentPostprocessing = 0;
		};
		FF6CE89826448853004A5B39 /* Resources */ = {
			isa = PBXResourcesBuildPhase;
			buildActionMask = 2147483647;
			files = (
			);
			runOnlyForDeploymentPostprocessing = 0;
		};
/* End PBXResourcesBuildPhase section */

/* Begin PBXShellScriptBuildPhase section */
		94257D94F9E351F90F6CF044 /* [CP] Embed Pods Frameworks */ = {
			isa = PBXShellScriptBuildPhase;
			buildActionMask = 2147483647;
			files = (
			);
			inputFileListPaths = (
				"${PODS_ROOT}/Target Support Files/Pods-workout_app/Pods-workout_app-frameworks-${CONFIGURATION}-input-files.xcfilelist",
			);
			name = "[CP] Embed Pods Frameworks";
			outputFileListPaths = (
				"${PODS_ROOT}/Target Support Files/Pods-workout_app/Pods-workout_app-frameworks-${CONFIGURATION}-output-files.xcfilelist",
			);
			runOnlyForDeploymentPostprocessing = 0;
			shellPath = /bin/sh;
			shellScript = "\"${PODS_ROOT}/Target Support Files/Pods-workout_app/Pods-workout_app-frameworks.sh\"\n";
			showEnvVarsInLog = 0;
		};
		9F3A1E24A5FE162DD4115E3D /* [CP] Check Pods Manifest.lock */ = {
			isa = PBXShellScriptBuildPhase;
			buildActionMask = 2147483647;
			files = (
			);
			inputFileListPaths = (
			);
			inputPaths = (
				"${PODS_PODFILE_DIR_PATH}/Podfile.lock",
				"${PODS_ROOT}/Manifest.lock",
			);
			name = "[CP] Check Pods Manifest.lock";
			outputFileListPaths = (
			);
			outputPaths = (
				"$(DERIVED_FILE_DIR)/Pods-workout_app-checkManifestLockResult.txt",
			);
			runOnlyForDeploymentPostprocessing = 0;
			shellPath = /bin/sh;
			shellScript = "diff \"${PODS_PODFILE_DIR_PATH}/Podfile.lock\" \"${PODS_ROOT}/Manifest.lock\" > /dev/null\nif [ $? != 0 ] ; then\n    # print error to STDERR\n    echo \"error: The sandbox is not in sync with the Podfile.lock. Run 'pod install' or update your CocoaPods installation.\" >&2\n    exit 1\nfi\n# This output is used by Xcode 'outputs' to avoid re-running this script phase.\necho \"SUCCESS\" > \"${SCRIPT_OUTPUT_FILE_0}\"\n";
			showEnvVarsInLog = 0;
		};
		C480D4590F5FDAD108BF8FBB /* [CP] Check Pods Manifest.lock */ = {
			isa = PBXShellScriptBuildPhase;
			buildActionMask = 2147483647;
			files = (
			);
			inputFileListPaths = (
			);
			inputPaths = (
				"${PODS_PODFILE_DIR_PATH}/Podfile.lock",
				"${PODS_ROOT}/Manifest.lock",
			);
			name = "[CP] Check Pods Manifest.lock";
			outputFileListPaths = (
			);
			outputPaths = (
				"$(DERIVED_FILE_DIR)/Pods-workout_appTests-checkManifestLockResult.txt",
			);
			runOnlyForDeploymentPostprocessing = 0;
			shellPath = /bin/sh;
			shellScript = "diff \"${PODS_PODFILE_DIR_PATH}/Podfile.lock\" \"${PODS_ROOT}/Manifest.lock\" > /dev/null\nif [ $? != 0 ] ; then\n    # print error to STDERR\n    echo \"error: The sandbox is not in sync with the Podfile.lock. Run 'pod install' or update your CocoaPods installation.\" >&2\n    exit 1\nfi\n# This output is used by Xcode 'outputs' to avoid re-running this script phase.\necho \"SUCCESS\" > \"${SCRIPT_OUTPUT_FILE_0}\"\n";
			showEnvVarsInLog = 0;
		};
		CEEE28ADDDE3BDF2C718591A /* [CP] Check Pods Manifest.lock */ = {
			isa = PBXShellScriptBuildPhase;
			buildActionMask = 2147483647;
			files = (
			);
			inputFileListPaths = (
			);
			inputPaths = (
				"${PODS_PODFILE_DIR_PATH}/Podfile.lock",
				"${PODS_ROOT}/Manifest.lock",
			);
			name = "[CP] Check Pods Manifest.lock";
			outputFileListPaths = (
			);
			outputPaths = (
				"$(DERIVED_FILE_DIR)/Pods-workout_app-workout_appUITests-checkManifestLockResult.txt",
			);
			runOnlyForDeploymentPostprocessing = 0;
			shellPath = /bin/sh;
			shellScript = "diff \"${PODS_PODFILE_DIR_PATH}/Podfile.lock\" \"${PODS_ROOT}/Manifest.lock\" > /dev/null\nif [ $? != 0 ] ; then\n    # print error to STDERR\n    echo \"error: The sandbox is not in sync with the Podfile.lock. Run 'pod install' or update your CocoaPods installation.\" >&2\n    exit 1\nfi\n# This output is used by Xcode 'outputs' to avoid re-running this script phase.\necho \"SUCCESS\" > \"${SCRIPT_OUTPUT_FILE_0}\"\n";
			showEnvVarsInLog = 0;
		};
		ED40404F515166414CC5A06E /* [CP] Embed Pods Frameworks */ = {
			isa = PBXShellScriptBuildPhase;
			buildActionMask = 2147483647;
			files = (
			);
			inputFileListPaths = (
				"${PODS_ROOT}/Target Support Files/Pods-workout_app-workout_appUITests/Pods-workout_app-workout_appUITests-frameworks-${CONFIGURATION}-input-files.xcfilelist",
			);
			name = "[CP] Embed Pods Frameworks";
			outputFileListPaths = (
				"${PODS_ROOT}/Target Support Files/Pods-workout_app-workout_appUITests/Pods-workout_app-workout_appUITests-frameworks-${CONFIGURATION}-output-files.xcfilelist",
			);
			runOnlyForDeploymentPostprocessing = 0;
			shellPath = /bin/sh;
			shellScript = "\"${PODS_ROOT}/Target Support Files/Pods-workout_app-workout_appUITests/Pods-workout_app-workout_appUITests-frameworks.sh\"\n";
			showEnvVarsInLog = 0;
		};
/* End PBXShellScriptBuildPhase section */

/* Begin PBXSourcesBuildPhase section */
		FF6CE87526448852004A5B39 /* Sources */ = {
			isa = PBXSourcesBuildPhase;
			buildActionMask = 2147483647;
			files = (
				FF650CE22646E56D005867A3 /* AppSettings.swift in Sources */,
				FF650CD12646B8BF005867A3 /* RegisterView.swift in Sources */,
				FF650CEF264723BE005867A3 /* UIImageExtension.swift in Sources */,
				FF650CED2646F8AF005867A3 /* WorkoutView.swift in Sources */,
				FF6CE88126448852004A5B39 /* LoginVC.swift in Sources */,
				FF650CD62646BF09005867A3 /* RegisterProtocol.swift in Sources */,
				FF6CE8B026449238004A5B39 /* RegisterVC.swift in Sources */,
				FF6CE87D26448852004A5B39 /* AppDelegate.swift in Sources */,
				FF650CDC2646E41F005867A3 /* HomeView.swift in Sources */,
				FF650CC92646AE7E005867A3 /* LoginProtocol.swift in Sources */,
				FF650CE42646F18D005867A3 /* ViewPresenter.swift in Sources */,
				FF650CC62646AD66005867A3 /* LoginView.swift in Sources */,
				FF650CCC2646B19C005867A3 /* UIViewControllerExtension.swift in Sources */,
				FF650CE02646E532005867A3 /* HomeVC.swift in Sources */,
				FF650CCE2646B6AF005867A3 /* UIViewExtension.swift in Sources */,
				FF650CE82646F879005867A3 /* WorkoutVC.swift in Sources */,
				FF6CE87F26448852004A5B39 /* SceneDelegate.swift in Sources */,
			);
			runOnlyForDeploymentPostprocessing = 0;
		};
		FF6CE88B26448853004A5B39 /* Sources */ = {
			isa = PBXSourcesBuildPhase;
			buildActionMask = 2147483647;
			files = (
				FF6CE89426448853004A5B39 /* workout_appTests.swift in Sources */,
			);
			runOnlyForDeploymentPostprocessing = 0;
		};
		FF6CE89626448853004A5B39 /* Sources */ = {
			isa = PBXSourcesBuildPhase;
			buildActionMask = 2147483647;
			files = (
				FF6CE89F26448853004A5B39 /* workout_appUITests.swift in Sources */,
			);
			runOnlyForDeploymentPostprocessing = 0;
		};
/* End PBXSourcesBuildPhase section */

/* Begin PBXTargetDependency section */
		FF6CE89126448853004A5B39 /* PBXTargetDependency */ = {
			isa = PBXTargetDependency;
			target = FF6CE87826448852004A5B39 /* workout_app */;
			targetProxy = FF6CE89026448853004A5B39 /* PBXContainerItemProxy */;
		};
		FF6CE89C26448853004A5B39 /* PBXTargetDependency */ = {
			isa = PBXTargetDependency;
			target = FF6CE87826448852004A5B39 /* workout_app */;
			targetProxy = FF6CE89B26448853004A5B39 /* PBXContainerItemProxy */;
		};
/* End PBXTargetDependency section */

/* Begin PBXVariantGroup section */
		FF6CE88726448853004A5B39 /* LaunchScreen.storyboard */ = {
			isa = PBXVariantGroup;
			children = (
				FF6CE88826448853004A5B39 /* Base */,
			);
			name = LaunchScreen.storyboard;
			sourceTree = "<group>";
		};
/* End PBXVariantGroup section */

/* Begin XCBuildConfiguration section */
		FF6CE8A126448853004A5B39 /* Debug */ = {
			isa = XCBuildConfiguration;
			buildSettings = {
				ALWAYS_SEARCH_USER_PATHS = NO;
				CLANG_ANALYZER_NONNULL = YES;
				CLANG_ANALYZER_NUMBER_OBJECT_CONVERSION = YES_AGGRESSIVE;
				CLANG_CXX_LANGUAGE_STANDARD = "gnu++14";
				CLANG_CXX_LIBRARY = "libc++";
				CLANG_ENABLE_MODULES = YES;
				CLANG_ENABLE_OBJC_ARC = YES;
				CLANG_ENABLE_OBJC_WEAK = YES;
				CLANG_WARN_BLOCK_CAPTURE_AUTORELEASING = YES;
				CLANG_WARN_BOOL_CONVERSION = YES;
				CLANG_WARN_COMMA = YES;
				CLANG_WARN_CONSTANT_CONVERSION = YES;
				CLANG_WARN_DEPRECATED_OBJC_IMPLEMENTATIONS = YES;
				CLANG_WARN_DIRECT_OBJC_ISA_USAGE = YES_ERROR;
				CLANG_WARN_DOCUMENTATION_COMMENTS = YES;
				CLANG_WARN_EMPTY_BODY = YES;
				CLANG_WARN_ENUM_CONVERSION = YES;
				CLANG_WARN_INFINITE_RECURSION = YES;
				CLANG_WARN_INT_CONVERSION = YES;
				CLANG_WARN_NON_LITERAL_NULL_CONVERSION = YES;
				CLANG_WARN_OBJC_IMPLICIT_RETAIN_SELF = YES;
				CLANG_WARN_OBJC_LITERAL_CONVERSION = YES;
				CLANG_WARN_OBJC_ROOT_CLASS = YES_ERROR;
				CLANG_WARN_QUOTED_INCLUDE_IN_FRAMEWORK_HEADER = YES;
				CLANG_WARN_RANGE_LOOP_ANALYSIS = YES;
				CLANG_WARN_STRICT_PROTOTYPES = YES;
				CLANG_WARN_SUSPICIOUS_MOVE = YES;
				CLANG_WARN_UNGUARDED_AVAILABILITY = YES_AGGRESSIVE;
				CLANG_WARN_UNREACHABLE_CODE = YES;
				CLANG_WARN__DUPLICATE_METHOD_MATCH = YES;
				COPY_PHASE_STRIP = NO;
				DEBUG_INFORMATION_FORMAT = dwarf;
				ENABLE_STRICT_OBJC_MSGSEND = YES;
				ENABLE_TESTABILITY = YES;
				GCC_C_LANGUAGE_STANDARD = gnu11;
				GCC_DYNAMIC_NO_PIC = NO;
				GCC_NO_COMMON_BLOCKS = YES;
				GCC_OPTIMIZATION_LEVEL = 0;
				GCC_PREPROCESSOR_DEFINITIONS = (
					"DEBUG=1",
					"$(inherited)",
				);
				GCC_WARN_64_TO_32_BIT_CONVERSION = YES;
				GCC_WARN_ABOUT_RETURN_TYPE = YES_ERROR;
				GCC_WARN_UNDECLARED_SELECTOR = YES;
				GCC_WARN_UNINITIALIZED_AUTOS = YES_AGGRESSIVE;
				GCC_WARN_UNUSED_FUNCTION = YES;
				GCC_WARN_UNUSED_VARIABLE = YES;
				IPHONEOS_DEPLOYMENT_TARGET = 14.5;
				MTL_ENABLE_DEBUG_INFO = INCLUDE_SOURCE;
				MTL_FAST_MATH = YES;
				ONLY_ACTIVE_ARCH = YES;
				SDKROOT = iphoneos;
				SWIFT_ACTIVE_COMPILATION_CONDITIONS = DEBUG;
				SWIFT_OPTIMIZATION_LEVEL = "-Onone";
			};
			name = Debug;
		};
		FF6CE8A226448853004A5B39 /* Release */ = {
			isa = XCBuildConfiguration;
			buildSettings = {
				ALWAYS_SEARCH_USER_PATHS = NO;
				CLANG_ANALYZER_NONNULL = YES;
				CLANG_ANALYZER_NUMBER_OBJECT_CONVERSION = YES_AGGRESSIVE;
				CLANG_CXX_LANGUAGE_STANDARD = "gnu++14";
				CLANG_CXX_LIBRARY = "libc++";
				CLANG_ENABLE_MODULES = YES;
				CLANG_ENABLE_OBJC_ARC = YES;
				CLANG_ENABLE_OBJC_WEAK = YES;
				CLANG_WARN_BLOCK_CAPTURE_AUTORELEASING = YES;
				CLANG_WARN_BOOL_CONVERSION = YES;
				CLANG_WARN_COMMA = YES;
				CLANG_WARN_CONSTANT_CONVERSION = YES;
				CLANG_WARN_DEPRECATED_OBJC_IMPLEMENTATIONS = YES;
				CLANG_WARN_DIRECT_OBJC_ISA_USAGE = YES_ERROR;
				CLANG_WARN_DOCUMENTATION_COMMENTS = YES;
				CLANG_WARN_EMPTY_BODY = YES;
				CLANG_WARN_ENUM_CONVERSION = YES;
				CLANG_WARN_INFINITE_RECURSION = YES;
				CLANG_WARN_INT_CONVERSION = YES;
				CLANG_WARN_NON_LITERAL_NULL_CONVERSION = YES;
				CLANG_WARN_OBJC_IMPLICIT_RETAIN_SELF = YES;
				CLANG_WARN_OBJC_LITERAL_CONVERSION = YES;
				CLANG_WARN_OBJC_ROOT_CLASS = YES_ERROR;
				CLANG_WARN_QUOTED_INCLUDE_IN_FRAMEWORK_HEADER = YES;
				CLANG_WARN_RANGE_LOOP_ANALYSIS = YES;
				CLANG_WARN_STRICT_PROTOTYPES = YES;
				CLANG_WARN_SUSPICIOUS_MOVE = YES;
				CLANG_WARN_UNGUARDED_AVAILABILITY = YES_AGGRESSIVE;
				CLANG_WARN_UNREACHABLE_CODE = YES;
				CLANG_WARN__DUPLICATE_METHOD_MATCH = YES;
				COPY_PHASE_STRIP = NO;
				DEBUG_INFORMATION_FORMAT = "dwarf-with-dsym";
				ENABLE_NS_ASSERTIONS = NO;
				ENABLE_STRICT_OBJC_MSGSEND = YES;
				GCC_C_LANGUAGE_STANDARD = gnu11;
				GCC_NO_COMMON_BLOCKS = YES;
				GCC_WARN_64_TO_32_BIT_CONVERSION = YES;
				GCC_WARN_ABOUT_RETURN_TYPE = YES_ERROR;
				GCC_WARN_UNDECLARED_SELECTOR = YES;
				GCC_WARN_UNINITIALIZED_AUTOS = YES_AGGRESSIVE;
				GCC_WARN_UNUSED_FUNCTION = YES;
				GCC_WARN_UNUSED_VARIABLE = YES;
				IPHONEOS_DEPLOYMENT_TARGET = 14.5;
				MTL_ENABLE_DEBUG_INFO = NO;
				MTL_FAST_MATH = YES;
				SDKROOT = iphoneos;
				SWIFT_COMPILATION_MODE = wholemodule;
				SWIFT_OPTIMIZATION_LEVEL = "-O";
				VALIDATE_PRODUCT = YES;
			};
			name = Release;
		};
		FF6CE8A426448853004A5B39 /* Debug */ = {
			isa = XCBuildConfiguration;
			baseConfigurationReference = 2216F9C96B376B033E0822D6 /* Pods-workout_app.debug.xcconfig */;
			buildSettings = {
				ASSETCATALOG_COMPILER_APPICON_NAME = AppIcon;
				ASSETCATALOG_COMPILER_GLOBAL_ACCENT_COLOR_NAME = AccentColor;
				CODE_SIGN_STYLE = Automatic;
				INFOPLIST_FILE = workout_app/Info.plist;
				LD_RUNPATH_SEARCH_PATHS = (
					"$(inherited)",
					"@executable_path/Frameworks",
				);
				PRODUCT_BUNDLE_IDENTIFIER = "com.exemplu.workout-app";
				PRODUCT_NAME = "$(TARGET_NAME)";
				SWIFT_VERSION = 5.0;
				TARGETED_DEVICE_FAMILY = "1,2";
			};
			name = Debug;
		};
		FF6CE8A526448853004A5B39 /* Release */ = {
			isa = XCBuildConfiguration;
			baseConfigurationReference = 7FE4B059E981105B76030D7A /* Pods-workout_app.release.xcconfig */;
			buildSettings = {
				ASSETCATALOG_COMPILER_APPICON_NAME = AppIcon;
				ASSETCATALOG_COMPILER_GLOBAL_ACCENT_COLOR_NAME = AccentColor;
				CODE_SIGN_STYLE = Automatic;
				INFOPLIST_FILE = workout_app/Info.plist;
				LD_RUNPATH_SEARCH_PATHS = (
					"$(inherited)",
					"@executable_path/Frameworks",
				);
				PRODUCT_BUNDLE_IDENTIFIER = "com.exemplu.workout-app";
				PRODUCT_NAME = "$(TARGET_NAME)";
				SWIFT_VERSION = 5.0;
				TARGETED_DEVICE_FAMILY = "1,2";
			};
			name = Release;
		};
		FF6CE8A726448853004A5B39 /* Debug */ = {
			isa = XCBuildConfiguration;
			baseConfigurationReference = AE197BE5E9E27EC6963928A1 /* Pods-workout_appTests.debug.xcconfig */;
			buildSettings = {
				ALWAYS_EMBED_SWIFT_STANDARD_LIBRARIES = YES;
				BUNDLE_LOADER = "$(TEST_HOST)";
				CODE_SIGN_STYLE = Automatic;
				INFOPLIST_FILE = workout_appTests/Info.plist;
				IPHONEOS_DEPLOYMENT_TARGET = 14.5;
				LD_RUNPATH_SEARCH_PATHS = (
					"$(inherited)",
					"@executable_path/Frameworks",
					"@loader_path/Frameworks",
				);
				PRODUCT_BUNDLE_IDENTIFIER = "com.exemplu.workout-appTests";
				PRODUCT_NAME = "$(TARGET_NAME)";
				SWIFT_VERSION = 5.0;
				TARGETED_DEVICE_FAMILY = "1,2";
				TEST_HOST = "$(BUILT_PRODUCTS_DIR)/workout_app.app/workout_app";
			};
			name = Debug;
		};
		FF6CE8A826448853004A5B39 /* Release */ = {
			isa = XCBuildConfiguration;
			baseConfigurationReference = 5FA12776C99D49B902D2D2B6 /* Pods-workout_appTests.release.xcconfig */;
			buildSettings = {
				ALWAYS_EMBED_SWIFT_STANDARD_LIBRARIES = YES;
				BUNDLE_LOADER = "$(TEST_HOST)";
				CODE_SIGN_STYLE = Automatic;
				INFOPLIST_FILE = workout_appTests/Info.plist;
				IPHONEOS_DEPLOYMENT_TARGET = 14.5;
				LD_RUNPATH_SEARCH_PATHS = (
					"$(inherited)",
					"@executable_path/Frameworks",
					"@loader_path/Frameworks",
				);
				PRODUCT_BUNDLE_IDENTIFIER = "com.exemplu.workout-appTests";
				PRODUCT_NAME = "$(TARGET_NAME)";
				SWIFT_VERSION = 5.0;
				TARGETED_DEVICE_FAMILY = "1,2";
				TEST_HOST = "$(BUILT_PRODUCTS_DIR)/workout_app.app/workout_app";
			};
			name = Release;
		};
		FF6CE8AA26448853004A5B39 /* Debug */ = {
			isa = XCBuildConfiguration;
			baseConfigurationReference = 900A56F3F90302760A1A733C /* Pods-workout_app-workout_appUITests.debug.xcconfig */;
			buildSettings = {
				ALWAYS_EMBED_SWIFT_STANDARD_LIBRARIES = YES;
				CODE_SIGN_STYLE = Automatic;
				INFOPLIST_FILE = workout_appUITests/Info.plist;
				LD_RUNPATH_SEARCH_PATHS = (
					"$(inherited)",
					"@executable_path/Frameworks",
					"@loader_path/Frameworks",
				);
				PRODUCT_BUNDLE_IDENTIFIER = "com.exemplu.workout-appUITests";
				PRODUCT_NAME = "$(TARGET_NAME)";
				SWIFT_VERSION = 5.0;
				TARGETED_DEVICE_FAMILY = "1,2";
				TEST_TARGET_NAME = workout_app;
			};
			name = Debug;
		};
		FF6CE8AB26448853004A5B39 /* Release */ = {
			isa = XCBuildConfiguration;
			baseConfigurationReference = 18FD10620B5E060A275F0177 /* Pods-workout_app-workout_appUITests.release.xcconfig */;
			buildSettings = {
				ALWAYS_EMBED_SWIFT_STANDARD_LIBRARIES = YES;
				CODE_SIGN_STYLE = Automatic;
				INFOPLIST_FILE = workout_appUITests/Info.plist;
				LD_RUNPATH_SEARCH_PATHS = (
					"$(inherited)",
					"@executable_path/Frameworks",
					"@loader_path/Frameworks",
				);
				PRODUCT_BUNDLE_IDENTIFIER = "com.exemplu.workout-appUITests";
				PRODUCT_NAME = "$(TARGET_NAME)";
				SWIFT_VERSION = 5.0;
				TARGETED_DEVICE_FAMILY = "1,2";
				TEST_TARGET_NAME = workout_app;
			};
			name = Release;
		};
/* End XCBuildConfiguration section */

/* Begin XCConfigurationList section */
		FF6CE87426448852004A5B39 /* Build configuration list for PBXProject "workout_app" */ = {
			isa = XCConfigurationList;
			buildConfigurations = (
				FF6CE8A126448853004A5B39 /* Debug */,
				FF6CE8A226448853004A5B39 /* Release */,
			);
			defaultConfigurationIsVisible = 0;
			defaultConfigurationName = Release;
		};
		FF6CE8A326448853004A5B39 /* Build configuration list for PBXNativeTarget "workout_app" */ = {
			isa = XCConfigurationList;
			buildConfigurations = (
				FF6CE8A426448853004A5B39 /* Debug */,
				FF6CE8A526448853004A5B39 /* Release */,
			);
			defaultConfigurationIsVisible = 0;
			defaultConfigurationName = Release;
		};
		FF6CE8A626448853004A5B39 /* Build configuration list for PBXNativeTarget "workout_appTests" */ = {
			isa = XCConfigurationList;
			buildConfigurations = (
				FF6CE8A726448853004A5B39 /* Debug */,
				FF6CE8A826448853004A5B39 /* Release */,
			);
			defaultConfigurationIsVisible = 0;
			defaultConfigurationName = Release;
		};
		FF6CE8A926448853004A5B39 /* Build configuration list for PBXNativeTarget "workout_appUITests" */ = {
			isa = XCConfigurationList;
			buildConfigurations = (
				FF6CE8AA26448853004A5B39 /* Debug */,
				FF6CE8AB26448853004A5B39 /* Release */,
			);
			defaultConfigurationIsVisible = 0;
			defaultConfigurationName = Release;
		};
/* End XCConfigurationList section */
	};
	rootObject = FF6CE87126448852004A5B39 /* Project object */;
}
